
Microsoft Visual Studio Solution File, Format Version 12.00
# Visual Studio Version 17
VisualStudioVersion = 17.8.34330.188
MinimumVisualStudioVersion = 10.0.40219.1
Project("{9A19103F-16F7-4668-BE54-9A1E7A4F7556}") = "ShadowRando", "ShadowRando\ShadowRando.csproj", "{835F262F-0047-487B-A9C2-8C31EF21ABD7}"
	ProjectSection(ProjectDependencies) = postProject
		{60E90A19-2CAD-4B5D-BBEC-3B80068B5030} = {60E90A19-2CAD-4B5D-BBEC-3B80068B5030}
		{C36356A5-605B-4D9A-80FC-1241F3009B4B} = {C36356A5-605B-4D9A-80FC-1241F3009B4B}
	EndProjectSection
EndProject
Project("{9A19103F-16F7-4668-BE54-9A1E7A4F7556}") = "ShadowRando.Desktop", "ShadowRando.Desktop\ShadowRando.Desktop.csproj", "{727A6762-95CE-4FB5-A16D-716A1A77B7AF}"
EndProject
Project("{9A19103F-16F7-4668-BE54-9A1E7A4F7556}") = "ShadowRando.Browser", "ShadowRando.Browser\ShadowRando.Browser.csproj", "{B437EB6D-10CE-4F7F-91F8-2A590999AB1C}"
EndProject
Project("{9A19103F-16F7-4668-BE54-9A1E7A4F7556}") = "ShadowSET", "Submodules\ShadowSET\ShadowSET\ShadowSET.csproj", "{C36356A5-605B-4D9A-80FC-1241F3009B4B}"
EndProject
Project("{9A19103F-16F7-4668-BE54-9A1E7A4F7556}") = "HeroesONE_R", "Submodules\HeroesONE-Reloaded\HeroesONE++\HeroesONE_R.csproj", "{60E90A19-2CAD-4B5D-BBEC-3B80068B5030}"
EndProject
Global
	GlobalSection(SolutionConfigurationPlatforms) = preSolution
		Debug|Any CPU = Debug|Any CPU
		Debug|x64 = Debug|x64
		Debug|x86 = Debug|x86
		Release|Any CPU = Release|Any CPU
		Release|x64 = Release|x64
		Release|x86 = Release|x86
	EndGlobalSection
	GlobalSection(ProjectConfigurationPlatforms) = postSolution
		{835F262F-0047-487B-A9C2-8C31EF21ABD7}.Debug|Any CPU.ActiveCfg = Debug|Any CPU
		{835F262F-0047-487B-A9C2-8C31EF21ABD7}.Debug|Any CPU.Build.0 = Debug|Any CPU
		{835F262F-0047-487B-A9C2-8C31EF21ABD7}.Debug|x64.ActiveCfg = Debug|Any CPU
		{835F262F-0047-487B-A9C2-8C31EF21ABD7}.Debug|x64.Build.0 = Debug|Any CPU
		{835F262F-0047-487B-A9C2-8C31EF21ABD7}.Debug|x86.ActiveCfg = Debug|Any CPU
		{835F262F-0047-487B-A9C2-8C31EF21ABD7}.Debug|x86.Build.0 = Debug|Any CPU
		{835F262F-0047-487B-A9C2-8C31EF21ABD7}.Release|Any CPU.ActiveCfg = Release|Any CPU
		{835F262F-0047-487B-A9C2-8C31EF21ABD7}.Release|Any CPU.Build.0 = Release|Any CPU
		{835F262F-0047-487B-A9C2-8C31EF21ABD7}.Release|x64.ActiveCfg = Release|Any CPU
		{835F262F-0047-487B-A9C2-8C31EF21ABD7}.Release|x64.Build.0 = Release|Any CPU
		{835F262F-0047-487B-A9C2-8C31EF21ABD7}.Release|x86.ActiveCfg = Release|Any CPU
		{835F262F-0047-487B-A9C2-8C31EF21ABD7}.Release|x86.Build.0 = Release|Any CPU
		{727A6762-95CE-4FB5-A16D-716A1A77B7AF}.Debug|Any CPU.ActiveCfg = Debug|Any CPU
		{727A6762-95CE-4FB5-A16D-716A1A77B7AF}.Debug|Any CPU.Build.0 = Debug|Any CPU
		{727A6762-95CE-4FB5-A16D-716A1A77B7AF}.Debug|x64.ActiveCfg = Debug|Any CPU
		{727A6762-95CE-4FB5-A16D-716A1A77B7AF}.Debug|x64.Build.0 = Debug|Any CPU
		{727A6762-95CE-4FB5-A16D-716A1A77B7AF}.Debug|x86.ActiveCfg = Debug|Any CPU
		{727A6762-95CE-4FB5-A16D-716A1A77B7AF}.Debug|x86.Build.0 = Debug|Any CPU
		{727A6762-95CE-4FB5-A16D-716A1A77B7AF}.Release|Any CPU.ActiveCfg = Release|Any CPU
		{727A6762-95CE-4FB5-A16D-716A1A77B7AF}.Release|Any CPU.Build.0 = Release|Any CPU
		{727A6762-95CE-4FB5-A16D-716A1A77B7AF}.Release|x64.ActiveCfg = Release|Any CPU
		{727A6762-95CE-4FB5-A16D-716A1A77B7AF}.Release|x64.Build.0 = Release|Any CPU
		{727A6762-95CE-4FB5-A16D-716A1A77B7AF}.Release|x86.ActiveCfg = Release|Any CPU
		{727A6762-95CE-4FB5-A16D-716A1A77B7AF}.Release|x86.Build.0 = Release|Any CPU
		{B437EB6D-10CE-4F7F-91F8-2A590999AB1C}.Debug|Any CPU.ActiveCfg = Debug|Any CPU
		{B437EB6D-10CE-4F7F-91F8-2A590999AB1C}.Debug|Any CPU.Build.0 = Debug|Any CPU
		{B437EB6D-10CE-4F7F-91F8-2A590999AB1C}.Debug|x64.ActiveCfg = Debug|Any CPU
		{B437EB6D-10CE-4F7F-91F8-2A590999AB1C}.Debug|x64.Build.0 = Debug|Any CPU
		{B437EB6D-10CE-4F7F-91F8-2A590999AB1C}.Debug|x86.ActiveCfg = Debug|Any CPU
		{B437EB6D-10CE-4F7F-91F8-2A590999AB1C}.Debug|x86.Build.0 = Debug|Any CPU
		{B437EB6D-10CE-4F7F-91F8-2A590999AB1C}.Release|Any CPU.ActiveCfg = Release|Any CPU
		{B437EB6D-10CE-4F7F-91F8-2A590999AB1C}.Release|Any CPU.Build.0 = Release|Any CPU
		{B437EB6D-10CE-4F7F-91F8-2A590999AB1C}.Release|x64.ActiveCfg = Release|Any CPU
		{B437EB6D-10CE-4F7F-91F8-2A590999AB1C}.Release|x64.Build.0 = Release|Any CPU
		{B437EB6D-10CE-4F7F-91F8-2A590999AB1C}.Release|x86.ActiveCfg = Release|Any CPU
		{B437EB6D-10CE-4F7F-91F8-2A590999AB1C}.Release|x86.Build.0 = Release|Any CPU
		{C36356A5-605B-4D9A-80FC-1241F3009B4B}.Debug|Any CPU.ActiveCfg = Debug|Any CPU
		{C36356A5-605B-4D9A-80FC-1241F3009B4B}.Debug|Any CPU.Build.0 = Debug|Any CPU
		{C36356A5-605B-4D9A-80FC-1241F3009B4B}.Debug|x64.ActiveCfg = Debug|Any CPU
		{C36356A5-605B-4D9A-80FC-1241F3009B4B}.Debug|x64.Build.0 = Debug|Any CPU
		{C36356A5-605B-4D9A-80FC-1241F3009B4B}.Debug|x86.ActiveCfg = Debug|Any CPU
		{C36356A5-605B-4D9A-80FC-1241F3009B4B}.Debug|x86.Build.0 = Debug|Any CPU
		{C36356A5-605B-4D9A-80FC-1241F3009B4B}.Release|Any CPU.ActiveCfg = Release|Any CPU
		{C36356A5-605B-4D9A-80FC-1241F3009B4B}.Release|Any CPU.Build.0 = Release|Any CPU
		{C36356A5-605B-4D9A-80FC-1241F3009B4B}.Release|x64.ActiveCfg = Release|Any CPU
		{C36356A5-605B-4D9A-80FC-1241F3009B4B}.Release|x64.Build.0 = Release|Any CPU
		{C36356A5-605B-4D9A-80FC-1241F3009B4B}.Release|x86.ActiveCfg = Release|Any CPU
		{C36356A5-605B-4D9A-80FC-1241F3009B4B}.Release|x86.Build.0 = Release|Any CPU
		{60E90A19-2CAD-4B5D-BBEC-3B80068B5030}.Debug|Any CPU.ActiveCfg = Debug|Any CPU
		{60E90A19-2CAD-4B5D-BBEC-3B80068B5030}.Debug|Any CPU.Build.0 = Debug|Any CPU
		{60E90A19-2CAD-4B5D-BBEC-3B80068B5030}.Debug|x64.ActiveCfg = Debug|x64
		{60E90A19-2CAD-4B5D-BBEC-3B80068B5030}.Debug|x64.Build.0 = Debug|x64
		{60E90A19-2CAD-4B5D-BBEC-3B80068B5030}.Debug|x86.ActiveCfg = Debug|x86
		{60E90A19-2CAD-4B5D-BBEC-3B80068B5030}.Debug|x86.Build.0 = Debug|x86
		{60E90A19-2CAD-4B5D-BBEC-3B80068B5030}.Release|Any CPU.ActiveCfg = Release|Any CPU
		{60E90A19-2CAD-4B5D-BBEC-3B80068B5030}.Release|Any CPU.Build.0 = Release|Any CPU
		{60E90A19-2CAD-4B5D-BBEC-3B80068B5030}.Release|x64.ActiveCfg = Release|x64
		{60E90A19-2CAD-4B5D-BBEC-3B80068B5030}.Release|x64.Build.0 = Release|x64
		{60E90A19-2CAD-4B5D-BBEC-3B80068B5030}.Release|x86.ActiveCfg = Release|x86
		{60E90A19-2CAD-4B5D-BBEC-3B80068B5030}.Release|x86.Build.0 = Release|x86
	EndGlobalSection
	GlobalSection(SolutionProperties) = preSolution
		HideSolutionNode = FALSE
	EndGlobalSection
	GlobalSection(ExtensibilityGlobals) = postSolution
		SolutionGuid = {A1D9D987-0FF9-44A6-BFFF-445374C4D6E5}
	EndGlobalSection
EndGlobal
