
Microsoft Visual Studio Solution File, Format Version 12.00
# Visual Studio Version 17
VisualStudioVersion = 17.8.34330.188
MinimumVisualStudioVersion = 10.0.40219.1
Project("{FAE04EC0-301F-11D3-BF4B-00C04F79EFBC}") = "ShadowRando", "ShadowRando\ShadowRando.csproj", "{B94D57AC-598A-44ED-A2B7-EB11DC03D22B}"
EndProject
Project("{2150E333-8FDC-42A3-9474-1A3956D46DE8}") = "Solution Items", "Solution Items", "{B150D423-2CFD-4B14-809E-8033802CE348}"
	ProjectSection(SolutionItems) = preProject
		.editorconfig = .editorconfig
	EndProjectSection
EndProject
Project("{9A19103F-16F7-4668-BE54-9A1E7A4F7556}") = "ShadowSET", "ShadowSET\ShadowSET\ShadowSET.csproj", "{E6C0CDFD-F6BB-4BFF-863C-1025624D6889}"
EndProject
Global
	GlobalSection(SolutionConfigurationPlatforms) = preSolution
		Debug|Any CPU = Debug|Any CPU
		Release|Any CPU = Release|Any CPU
	EndGlobalSection
	GlobalSection(ProjectConfigurationPlatforms) = postSolution
		{B94D57AC-598A-44ED-A2B7-EB11DC03D22B}.Debug|Any CPU.ActiveCfg = Debug|Any CPU
		{B94D57AC-598A-44ED-A2B7-EB11DC03D22B}.Debug|Any CPU.Build.0 = Debug|Any CPU
		{B94D57AC-598A-44ED-A2B7-EB11DC03D22B}.Release|Any CPU.ActiveCfg = Release|Any CPU
		{B94D57AC-598A-44ED-A2B7-EB11DC03D22B}.Release|Any CPU.Build.0 = Release|Any CPU
		{E6C0CDFD-F6BB-4BFF-863C-1025624D6889}.Debug|Any CPU.ActiveCfg = Debug|Any CPU
		{E6C0CDFD-F6BB-4BFF-863C-1025624D6889}.Debug|Any CPU.Build.0 = Debug|Any CPU
		{E6C0CDFD-F6BB-4BFF-863C-1025624D6889}.Release|Any CPU.ActiveCfg = Release|Any CPU
		{E6C0CDFD-F6BB-4BFF-863C-1025624D6889}.Release|Any CPU.Build.0 = Release|Any CPU
	EndGlobalSection
	GlobalSection(SolutionProperties) = preSolution
		HideSolutionNode = FALSE
	EndGlobalSection
	GlobalSection(ExtensibilityGlobals) = postSolution
		SolutionGuid = {DA1E0120-EA8D-4F2B-88B8-E2088A792109}
	EndGlobalSection
EndGlobal
