
Microsoft Visual Studio Solution File, Format Version 12.00
# Visual Studio Version 17
VisualStudioVersion = 17.8.34330.188
MinimumVisualStudioVersion = 10.0.40219.1
Project("{9A19103F-16F7-4668-BE54-9A1E7A4F7556}") = "ShadowRando", "ShadowRando\ShadowRando.csproj", "{835F262F-0047-487B-A9C2-8C31EF21ABD7}"
EndProject
Project("{9A19103F-16F7-4668-BE54-9A1E7A4F7556}") = "ShadowRando.Desktop", "ShadowRando.Desktop\ShadowRando.Desktop.csproj", "{727A6762-95CE-4FB5-A16D-716A1A77B7AF}"
EndProject
Project("{9A19103F-16F7-4668-BE54-9A1E7A4F7556}") = "ShadowRando.Browser", "ShadowRando.Browser\ShadowRando.Browser.csproj", "{B437EB6D-10CE-4F7F-91F8-2A590999AB1C}"
EndProject
Global
	GlobalSection(SolutionConfigurationPlatforms) = preSolution
		Debug|Any CPU = Debug|Any CPU
		Release|Any CPU = Release|Any CPU
	EndGlobalSection
	GlobalSection(ProjectConfigurationPlatforms) = postSolution
		{835F262F-0047-487B-A9C2-8C31EF21ABD7}.Debug|Any CPU.ActiveCfg = Debug|Any CPU
		{835F262F-0047-487B-A9C2-8C31EF21ABD7}.Debug|Any CPU.Build.0 = Debug|Any CPU
		{835F262F-0047-487B-A9C2-8C31EF21ABD7}.Release|Any CPU.ActiveCfg = Release|Any CPU
		{835F262F-0047-487B-A9C2-8C31EF21ABD7}.Release|Any CPU.Build.0 = Release|Any CPU
		{727A6762-95CE-4FB5-A16D-716A1A77B7AF}.Debug|Any CPU.ActiveCfg = Debug|Any CPU
		{727A6762-95CE-4FB5-A16D-716A1A77B7AF}.Debug|Any CPU.Build.0 = Debug|Any CPU
		{727A6762-95CE-4FB5-A16D-716A1A77B7AF}.Release|Any CPU.ActiveCfg = Release|Any CPU
		{727A6762-95CE-4FB5-A16D-716A1A77B7AF}.Release|Any CPU.Build.0 = Release|Any CPU
		{B437EB6D-10CE-4F7F-91F8-2A590999AB1C}.Debug|Any CPU.ActiveCfg = Debug|Any CPU
		{B437EB6D-10CE-4F7F-91F8-2A590999AB1C}.Debug|Any CPU.Build.0 = Debug|Any CPU
		{B437EB6D-10CE-4F7F-91F8-2A590999AB1C}.Release|Any CPU.ActiveCfg = Release|Any CPU
		{B437EB6D-10CE-4F7F-91F8-2A590999AB1C}.Release|Any CPU.Build.0 = Release|Any CPU
	EndGlobalSection
	GlobalSection(SolutionProperties) = preSolution
		HideSolutionNode = FALSE
	EndGlobalSection
	GlobalSection(ExtensibilityGlobals) = postSolution
		SolutionGuid = {A1D9D987-0FF9-44A6-BFFF-445374C4D6E5}
	EndGlobalSection
EndGlobal
